
Microsoft Visual Studio Solution File, Format Version 12.00
# Visual Studio Version 18
VisualStudioVersion = 18.5.11709.299
MinimumVisualStudioVersion = 10.0.40219.1
Project("{2150E333-8FDC-42A3-9474-1A3956D46DE8}") = "Gateway", "Gateway", "{13F29494-4D21-EC5C-144B-DF9E14400111}"
EndProject
Project("{FAE04EC0-301F-11D3-BF4B-00C04F79EFBC}") = "LogisticsHub.Gateway", "src\Gateway\LogisticsHub.Gateway\LogisticsHub.Gateway.csproj", "{25F956B9-D8D1-4978-96CA-7A87BCDC0919}"
EndProject
Project("{2150E333-8FDC-42A3-9474-1A3956D46DE8}") = "InventoryService", "InventoryService", "{A89F04FF-AADD-2215-F817-E11CF818689C}"
EndProject
Project("{FAE04EC0-301F-11D3-BF4B-00C04F79EFBC}") = "LogisticsHub.InventoryService", "src\InventoryService\LogisticsHub.InventoryService\LogisticsHub.InventoryService.csproj", "{877B2AD8-D6F9-4C84-802D-50B9AE682AAA}"
EndProject
Project("{FAE04EC0-301F-11D3-BF4B-00C04F79EFBC}") = "LogisticsHub.InventoryService.Application", "src\InventoryService\LogisticsHub.InventoryService.Application\LogisticsHub.InventoryService.Application.csproj", "{FC047DDE-4B47-46E4-97C9-20A0C97E4CF0}"
EndProject
Project("{FAE04EC0-301F-11D3-BF4B-00C04F79EFBC}") = "LogisticsHub.InventoryService.Domain", "src\InventoryService\LogisticsHub.InventoryService.Domain\LogisticsHub.InventoryService.Domain.csproj", "{B86FE1FA-0B5F-4FEC-8746-CF905DA8F11D}"
EndProject
Project("{FAE04EC0-301F-11D3-BF4B-00C04F79EFBC}") = "LogisticsHub.InventoryService.Infrastructure", "src\InventoryService\LogisticsHub.InventoryService.Infrastructure\LogisticsHub.InventoryService.Infrastructure.csproj", "{0E28121C-8E9B-4342-AA0C-512D01BC17F6}"
EndProject
Project("{2150E333-8FDC-42A3-9474-1A3956D46DE8}") = "ShipmentService", "ShipmentService", "{13C1EC26-D144-C8F3-0987-E01C52CECA7F}"
EndProject
Project("{FAE04EC0-301F-11D3-BF4B-00C04F79EFBC}") = "LogisticsHub.ShipmentService", "src\ShipmentService\LogisticsHub.ShipmentService\LogisticsHub.ShipmentService.csproj", "{87267346-0892-4C8F-BA77-9D6BEA25560F}"
EndProject
Project("{FAE04EC0-301F-11D3-BF4B-00C04F79EFBC}") = "LogisticsHub.ShipmentService.Application", "src\ShipmentService\LogisticsHub.ShipmentService.Application\LogisticsHub.ShipmentService.Application.csproj", "{57E0ED40-1221-4E6A-BAD8-452296A8EB19}"
EndProject
Project("{FAE04EC0-301F-11D3-BF4B-00C04F79EFBC}") = "LogisticsHub.ShipmentService.Domain", "src\ShipmentService\LogisticsHub.ShipmentService.Domain\LogisticsHub.ShipmentService.Domain.csproj", "{0211DB90-83CB-4154-8FF6-15747E9A633C}"
EndProject
Project("{FAE04EC0-301F-11D3-BF4B-00C04F79EFBC}") = "LogisticsHub.ShipmentService.Infrastructure", "src\ShipmentService\LogisticsHub.ShipmentService.Infrastructure\LogisticsHub.ShipmentService.Infrastructure.csproj", "{A01DF719-5EE0-4194-A2E5-28AEDD3ED6B9}"
EndProject
Project("{2150E333-8FDC-42A3-9474-1A3956D46DE8}") = "src", "src", "{30CF9474-3F16-412B-A892-9755FFD972F5}"
EndProject
Project("{2150E333-8FDC-42A3-9474-1A3956D46DE8}") = "Shared", "Shared", "{DF206DC2-A769-BCB9-EC2E-5EDD7A0BF42A}"
EndProject
Project("{FAE04EC0-301F-11D3-BF4B-00C04F79EFBC}") = "LogisticsHub.IntegrationEvents", "src\Shared\LogisticsHub.IntegrationEvents\LogisticsHub.IntegrationEvents.csproj", "{8CBCD94D-A2DC-42DC-9B31-943587C945EA}"
EndProject
Project("{FAE04EC0-301F-11D3-BF4B-00C04F79EFBC}") = "LogisticsHub.Messaging.RabbitMQ", "src\Shared\LogisticsHub.Messaging.RabbitMQ\LogisticsHub.Messaging.RabbitMQ.csproj", "{D2307425-17F9-4955-B92F-F9F316E5E581}"
EndProject
Project("{2150E333-8FDC-42A3-9474-1A3956D46DE8}") = "tests", "tests", "{0AB3BF05-4346-4AA6-1389-037BE0695223}"
EndProject
Project("{FAE04EC0-301F-11D3-BF4B-00C04F79EFBC}") = "LogisticsHub.InventoryService.Application.Tests", "tests\LogisticsHub.InventoryService.Application.Tests\LogisticsHub.InventoryService.Application.Tests.csproj", "{811B09D5-7E47-4559-90F6-FB51A62E6ABA}"
EndProject
Project("{FAE04EC0-301F-11D3-BF4B-00C04F79EFBC}") = "LogisticsHub.ShipmentService.Application.Tests", "tests\LogisticsHub.ShipmentService.Application.Tests\LogisticsHub.ShipmentService.Application.Tests.csproj", "{FBD9C9EF-273D-4628-AE3C-4BFF52CE6166}"
EndProject
Project("{FAE04EC0-301F-11D3-BF4B-00C04F79EFBC}") = "LogisticsHub.AspNetCore", "src\Shared\LogisticsHub.AspNetCore\LogisticsHub.AspNetCore.csproj", "{2FEE7296-04FA-45A9-B59B-FABEC4FFEE3A}"
EndProject
Project("{FAE04EC0-301F-11D3-BF4B-00C04F79EFBC}") = "LogisticsHub.Results.Tests", "tests\LogisticsHub.Results.Tests\LogisticsHub.Results.Tests.csproj", "{45F297D6-B374-4137-845D-D70634E4E62A}"
EndProject
Project("{FAE04EC0-301F-11D3-BF4B-00C04F79EFBC}") = "LogisticsHub.Results", "src\Shared\LogisticsHub.Results\LogisticsHub.Results.csproj", "{F1224C34-2F39-4154-9A48-3AF12E36FCEE}"
EndProject
Project("{2150E333-8FDC-42A3-9474-1A3956D46DE8}") = "CompanyService", "CompanyService", "{8AB32F4A-A984-1F43-73B5-CC031764BB60}"
EndProject
Project("{FAE04EC0-301F-11D3-BF4B-00C04F79EFBC}") = "LogisticsHub.CompanyService", "src\CompanyService\LogisticsHub.CompanyService\LogisticsHub.CompanyService.csproj", "{D49A5E3D-14E5-4387-BF7F-1EFF37872BD0}"
EndProject
Project("{FAE04EC0-301F-11D3-BF4B-00C04F79EFBC}") = "LogisticsHub.CompanyService.Application", "src\CompanyService\LogisticsHub.CompanyService.Application\LogisticsHub.CompanyService.Application.csproj", "{699C3BFA-FC08-493B-BC23-38F97476C34C}"
EndProject
Project("{FAE04EC0-301F-11D3-BF4B-00C04F79EFBC}") = "LogisticsHub.CompanyService.Domain", "src\CompanyService\LogisticsHub.CompanyService.Domain\LogisticsHub.CompanyService.Domain.csproj", "{084A9A58-5A7E-4441-8092-89CF528B41D4}"
EndProject
Project("{FAE04EC0-301F-11D3-BF4B-00C04F79EFBC}") = "LogisticsHub.CompanyService.Infrastructure", "src\CompanyService\LogisticsHub.CompanyService.Infrastructure\LogisticsHub.CompanyService.Infrastructure.csproj", "{51750E3E-A8EC-455B-9FA7-563A655A1057}"
EndProject
Project("{FAE04EC0-301F-11D3-BF4B-00C04F79EFBC}") = "LogisticsHub.CompanyService.Tests", "tests\LogisticsHub.CompanyService.Tests\LogisticsHub.CompanyService.Tests.csproj", "{47D39DC2-3D25-4E74-A992-2E5D07634CD0}"
EndProject
Project("{FAE04EC0-301F-11D3-BF4B-00C04F79EFBC}") = "LogisticsHub.Http.Resilience", "src\Shared\LogisticsHub.Http.Resilience\LogisticsHub.Http.Resilience.csproj", "{F2D950DF-889E-4343-8669-5B15BCAE4B86}"
EndProject
Global
	GlobalSection(SolutionConfigurationPlatforms) = preSolution
		Debug|Any CPU = Debug|Any CPU
		Debug|x64 = Debug|x64
		Debug|x86 = Debug|x86
		Release|Any CPU = Release|Any CPU
		Release|x64 = Release|x64
		Release|x86 = Release|x86
	EndGlobalSection
	GlobalSection(ProjectConfigurationPlatforms) = postSolution
		{25F956B9-D8D1-4978-96CA-7A87BCDC0919}.Debug|Any CPU.ActiveCfg = Debug|Any CPU
		{25F956B9-D8D1-4978-96CA-7A87BCDC0919}.Debug|Any CPU.Build.0 = Debug|Any CPU
		{25F956B9-D8D1-4978-96CA-7A87BCDC0919}.Debug|x64.ActiveCfg = Debug|Any CPU
		{25F956B9-D8D1-4978-96CA-7A87BCDC0919}.Debug|x64.Build.0 = Debug|Any CPU
		{25F956B9-D8D1-4978-96CA-7A87BCDC0919}.Debug|x86.ActiveCfg = Debug|Any CPU
		{25F956B9-D8D1-4978-96CA-7A87BCDC0919}.Debug|x86.Build.0 = Debug|Any CPU
		{25F956B9-D8D1-4978-96CA-7A87BCDC0919}.Release|Any CPU.ActiveCfg = Release|Any CPU
		{25F956B9-D8D1-4978-96CA-7A87BCDC0919}.Release|Any CPU.Build.0 = Release|Any CPU
		{25F956B9-D8D1-4978-96CA-7A87BCDC0919}.Release|x64.ActiveCfg = Release|Any CPU
		{25F956B9-D8D1-4978-96CA-7A87BCDC0919}.Release|x64.Build.0 = Release|Any CPU
		{25F956B9-D8D1-4978-96CA-7A87BCDC0919}.Release|x86.ActiveCfg = Release|Any CPU
		{25F956B9-D8D1-4978-96CA-7A87BCDC0919}.Release|x86.Build.0 = Release|Any CPU
		{877B2AD8-D6F9-4C84-802D-50B9AE682AAA}.Debug|Any CPU.ActiveCfg = Debug|Any CPU
		{877B2AD8-D6F9-4C84-802D-50B9AE682AAA}.Debug|Any CPU.Build.0 = Debug|Any CPU
		{877B2AD8-D6F9-4C84-802D-50B9AE682AAA}.Debug|x64.ActiveCfg = Debug|Any CPU
		{877B2AD8-D6F9-4C84-802D-50B9AE682AAA}.Debug|x64.Build.0 = Debug|Any CPU
		{877B2AD8-D6F9-4C84-802D-50B9AE682AAA}.Debug|x86.ActiveCfg = Debug|Any CPU
		{877B2AD8-D6F9-4C84-802D-50B9AE682AAA}.Debug|x86.Build.0 = Debug|Any CPU
		{877B2AD8-D6F9-4C84-802D-50B9AE682AAA}.Release|Any CPU.ActiveCfg = Release|Any CPU
		{877B2AD8-D6F9-4C84-802D-50B9AE682AAA}.Release|Any CPU.Build.0 = Release|Any CPU
		{877B2AD8-D6F9-4C84-802D-50B9AE682AAA}.Release|x64.ActiveCfg = Release|Any CPU
		{877B2AD8-D6F9-4C84-802D-50B9AE682AAA}.Release|x64.Build.0 = Release|Any CPU
		{877B2AD8-D6F9-4C84-802D-50B9AE682AAA}.Release|x86.ActiveCfg = Release|Any CPU
		{877B2AD8-D6F9-4C84-802D-50B9AE682AAA}.Release|x86.Build.0 = Release|Any CPU
		{FC047DDE-4B47-46E4-97C9-20A0C97E4CF0}.Debug|Any CPU.ActiveCfg = Debug|Any CPU
		{FC047DDE-4B47-46E4-97C9-20A0C97E4CF0}.Debug|Any CPU.Build.0 = Debug|Any CPU
		{FC047DDE-4B47-46E4-97C9-20A0C97E4CF0}.Debug|x64.ActiveCfg = Debug|Any CPU
		{FC047DDE-4B47-46E4-97C9-20A0C97E4CF0}.Debug|x64.Build.0 = Debug|Any CPU
		{FC047DDE-4B47-46E4-97C9-20A0C97E4CF0}.Debug|x86.ActiveCfg = Debug|Any CPU
		{FC047DDE-4B47-46E4-97C9-20A0C97E4CF0}.Debug|x86.Build.0 = Debug|Any CPU
		{FC047DDE-4B47-46E4-97C9-20A0C97E4CF0}.Release|Any CPU.ActiveCfg = Release|Any CPU
		{FC047DDE-4B47-46E4-97C9-20A0C97E4CF0}.Release|Any CPU.Build.0 = Release|Any CPU
		{FC047DDE-4B47-46E4-97C9-20A0C97E4CF0}.Release|x64.ActiveCfg = Release|Any CPU
		{FC047DDE-4B47-46E4-97C9-20A0C97E4CF0}.Release|x64.Build.0 = Release|Any CPU
		{FC047DDE-4B47-46E4-97C9-20A0C97E4CF0}.Release|x86.ActiveCfg = Release|Any CPU
		{FC047DDE-4B47-46E4-97C9-20A0C97E4CF0}.Release|x86.Build.0 = Release|Any CPU
		{B86FE1FA-0B5F-4FEC-8746-CF905DA8F11D}.Debug|Any CPU.ActiveCfg = Debug|Any CPU
		{B86FE1FA-0B5F-4FEC-8746-CF905DA8F11D}.Debug|Any CPU.Build.0 = Debug|Any CPU
		{B86FE1FA-0B5F-4FEC-8746-CF905DA8F11D}.Debug|x64.ActiveCfg = Debug|Any CPU
		{B86FE1FA-0B5F-4FEC-8746-CF905DA8F11D}.Debug|x64.Build.0 = Debug|Any CPU
		{B86FE1FA-0B5F-4FEC-8746-CF905DA8F11D}.Debug|x86.ActiveCfg = Debug|Any CPU
		{B86FE1FA-0B5F-4FEC-8746-CF905DA8F11D}.Debug|x86.Build.0 = Debug|Any CPU
		{B86FE1FA-0B5F-4FEC-8746-CF905DA8F11D}.Release|Any CPU.ActiveCfg = Release|Any CPU
		{B86FE1FA-0B5F-4FEC-8746-CF905DA8F11D}.Release|Any CPU.Build.0 = Release|Any CPU
		{B86FE1FA-0B5F-4FEC-8746-CF905DA8F11D}.Release|x64.ActiveCfg = Release|Any CPU
		{B86FE1FA-0B5F-4FEC-8746-CF905DA8F11D}.Release|x64.Build.0 = Release|Any CPU
		{B86FE1FA-0B5F-4FEC-8746-CF905DA8F11D}.Release|x86.ActiveCfg = Release|Any CPU
		{B86FE1FA-0B5F-4FEC-8746-CF905DA8F11D}.Release|x86.Build.0 = Release|Any CPU
		{0E28121C-8E9B-4342-AA0C-512D01BC17F6}.Debug|Any CPU.ActiveCfg = Debug|Any CPU
		{0E28121C-8E9B-4342-AA0C-512D01BC17F6}.Debug|Any CPU.Build.0 = Debug|Any CPU
		{0E28121C-8E9B-4342-AA0C-512D01BC17F6}.Debug|x64.ActiveCfg = Debug|Any CPU
		{0E28121C-8E9B-4342-AA0C-512D01BC17F6}.Debug|x64.Build.0 = Debug|Any CPU
		{0E28121C-8E9B-4342-AA0C-512D01BC17F6}.Debug|x86.ActiveCfg = Debug|Any CPU
		{0E28121C-8E9B-4342-AA0C-512D01BC17F6}.Debug|x86.Build.0 = Debug|Any CPU
		{0E28121C-8E9B-4342-AA0C-512D01BC17F6}.Release|Any CPU.ActiveCfg = Release|Any CPU
		{0E28121C-8E9B-4342-AA0C-512D01BC17F6}.Release|Any CPU.Build.0 = Release|Any CPU
		{0E28121C-8E9B-4342-AA0C-512D01BC17F6}.Release|x64.ActiveCfg = Release|Any CPU
		{0E28121C-8E9B-4342-AA0C-512D01BC17F6}.Release|x64.Build.0 = Release|Any CPU
		{0E28121C-8E9B-4342-AA0C-512D01BC17F6}.Release|x86.ActiveCfg = Release|Any CPU
		{0E28121C-8E9B-4342-AA0C-512D01BC17F6}.Release|x86.Build.0 = Release|Any CPU
		{87267346-0892-4C8F-BA77-9D6BEA25560F}.Debug|Any CPU.ActiveCfg = Debug|Any CPU
		{87267346-0892-4C8F-BA77-9D6BEA25560F}.Debug|Any CPU.Build.0 = Debug|Any CPU
		{87267346-0892-4C8F-BA77-9D6BEA25560F}.Debug|x64.ActiveCfg = Debug|Any CPU
		{87267346-0892-4C8F-BA77-9D6BEA25560F}.Debug|x64.Build.0 = Debug|Any CPU
		{87267346-0892-4C8F-BA77-9D6BEA25560F}.Debug|x86.ActiveCfg = Debug|Any CPU
		{87267346-0892-4C8F-BA77-9D6BEA25560F}.Debug|x86.Build.0 = Debug|Any CPU
		{87267346-0892-4C8F-BA77-9D6BEA25560F}.Release|Any CPU.ActiveCfg = Release|Any CPU
		{87267346-0892-4C8F-BA77-9D6BEA25560F}.Release|Any CPU.Build.0 = Release|Any CPU
		{87267346-0892-4C8F-BA77-9D6BEA25560F}.Release|x64.ActiveCfg = Release|Any CPU
		{87267346-0892-4C8F-BA77-9D6BEA25560F}.Release|x64.Build.0 = Release|Any CPU
		{87267346-0892-4C8F-BA77-9D6BEA25560F}.Release|x86.ActiveCfg = Release|Any CPU
		{87267346-0892-4C8F-BA77-9D6BEA25560F}.Release|x86.Build.0 = Release|Any CPU
		{57E0ED40-1221-4E6A-BAD8-452296A8EB19}.Debug|Any CPU.ActiveCfg = Debug|Any CPU
		{57E0ED40-1221-4E6A-BAD8-452296A8EB19}.Debug|Any CPU.Build.0 = Debug|Any CPU
		{57E0ED40-1221-4E6A-BAD8-452296A8EB19}.Debug|x64.ActiveCfg = Debug|Any CPU
		{57E0ED40-1221-4E6A-BAD8-452296A8EB19}.Debug|x64.Build.0 = Debug|Any CPU
		{57E0ED40-1221-4E6A-BAD8-452296A8EB19}.Debug|x86.ActiveCfg = Debug|Any CPU
		{57E0ED40-1221-4E6A-BAD8-452296A8EB19}.Debug|x86.Build.0 = Debug|Any CPU
		{57E0ED40-1221-4E6A-BAD8-452296A8EB19}.Release|Any CPU.ActiveCfg = Release|Any CPU
		{57E0ED40-1221-4E6A-BAD8-452296A8EB19}.Release|Any CPU.Build.0 = Release|Any CPU
		{57E0ED40-1221-4E6A-BAD8-452296A8EB19}.Release|x64.ActiveCfg = Release|Any CPU
		{57E0ED40-1221-4E6A-BAD8-452296A8EB19}.Release|x64.Build.0 = Release|Any CPU
		{57E0ED40-1221-4E6A-BAD8-452296A8EB19}.Release|x86.ActiveCfg = Release|Any CPU
		{57E0ED40-1221-4E6A-BAD8-452296A8EB19}.Release|x86.Build.0 = Release|Any CPU
		{0211DB90-83CB-4154-8FF6-15747E9A633C}.Debug|Any CPU.ActiveCfg = Debug|Any CPU
		{0211DB90-83CB-4154-8FF6-15747E9A633C}.Debug|Any CPU.Build.0 = Debug|Any CPU
		{0211DB90-83CB-4154-8FF6-15747E9A633C}.Debug|x64.ActiveCfg = Debug|Any CPU
		{0211DB90-83CB-4154-8FF6-15747E9A633C}.Debug|x64.Build.0 = Debug|Any CPU
		{0211DB90-83CB-4154-8FF6-15747E9A633C}.Debug|x86.ActiveCfg = Debug|Any CPU
		{0211DB90-83CB-4154-8FF6-15747E9A633C}.Debug|x86.Build.0 = Debug|Any CPU
		{0211DB90-83CB-4154-8FF6-15747E9A633C}.Release|Any CPU.ActiveCfg = Release|Any CPU
		{0211DB90-83CB-4154-8FF6-15747E9A633C}.Release|Any CPU.Build.0 = Release|Any CPU
		{0211DB90-83CB-4154-8FF6-15747E9A633C}.Release|x64.ActiveCfg = Release|Any CPU
		{0211DB90-83CB-4154-8FF6-15747E9A633C}.Release|x64.Build.0 = Release|Any CPU
		{0211DB90-83CB-4154-8FF6-15747E9A633C}.Release|x86.ActiveCfg = Release|Any CPU
		{0211DB90-83CB-4154-8FF6-15747E9A633C}.Release|x86.Build.0 = Release|Any CPU
		{A01DF719-5EE0-4194-A2E5-28AEDD3ED6B9}.Debug|Any CPU.ActiveCfg = Debug|Any CPU
		{A01DF719-5EE0-4194-A2E5-28AEDD3ED6B9}.Debug|Any CPU.Build.0 = Debug|Any CPU
		{A01DF719-5EE0-4194-A2E5-28AEDD3ED6B9}.Debug|x64.ActiveCfg = Debug|Any CPU
		{A01DF719-5EE0-4194-A2E5-28AEDD3ED6B9}.Debug|x64.Build.0 = Debug|Any CPU
		{A01DF719-5EE0-4194-A2E5-28AEDD3ED6B9}.Debug|x86.ActiveCfg = Debug|Any CPU
		{A01DF719-5EE0-4194-A2E5-28AEDD3ED6B9}.Debug|x86.Build.0 = Debug|Any CPU
		{A01DF719-5EE0-4194-A2E5-28AEDD3ED6B9}.Release|Any CPU.ActiveCfg = Release|Any CPU
		{A01DF719-5EE0-4194-A2E5-28AEDD3ED6B9}.Release|Any CPU.Build.0 = Release|Any CPU
		{A01DF719-5EE0-4194-A2E5-28AEDD3ED6B9}.Release|x64.ActiveCfg = Release|Any CPU
		{A01DF719-5EE0-4194-A2E5-28AEDD3ED6B9}.Release|x64.Build.0 = Release|Any CPU
		{A01DF719-5EE0-4194-A2E5-28AEDD3ED6B9}.Release|x86.ActiveCfg = Release|Any CPU
		{A01DF719-5EE0-4194-A2E5-28AEDD3ED6B9}.Release|x86.Build.0 = Release|Any CPU
		{8CBCD94D-A2DC-42DC-9B31-943587C945EA}.Debug|Any CPU.ActiveCfg = Debug|Any CPU
		{8CBCD94D-A2DC-42DC-9B31-943587C945EA}.Debug|Any CPU.Build.0 = Debug|Any CPU
		{8CBCD94D-A2DC-42DC-9B31-943587C945EA}.Debug|x64.ActiveCfg = Debug|Any CPU
		{8CBCD94D-A2DC-42DC-9B31-943587C945EA}.Debug|x64.Build.0 = Debug|Any CPU
		{8CBCD94D-A2DC-42DC-9B31-943587C945EA}.Debug|x86.ActiveCfg = Debug|Any CPU
		{8CBCD94D-A2DC-42DC-9B31-943587C945EA}.Debug|x86.Build.0 = Debug|Any CPU
		{8CBCD94D-A2DC-42DC-9B31-943587C945EA}.Release|Any CPU.ActiveCfg = Release|Any CPU
		{8CBCD94D-A2DC-42DC-9B31-943587C945EA}.Release|Any CPU.Build.0 = Release|Any CPU
		{8CBCD94D-A2DC-42DC-9B31-943587C945EA}.Release|x64.ActiveCfg = Release|Any CPU
		{8CBCD94D-A2DC-42DC-9B31-943587C945EA}.Release|x64.Build.0 = Release|Any CPU
		{8CBCD94D-A2DC-42DC-9B31-943587C945EA}.Release|x86.ActiveCfg = Release|Any CPU
		{8CBCD94D-A2DC-42DC-9B31-943587C945EA}.Release|x86.Build.0 = Release|Any CPU
		{D2307425-17F9-4955-B92F-F9F316E5E581}.Debug|Any CPU.ActiveCfg = Debug|Any CPU
		{D2307425-17F9-4955-B92F-F9F316E5E581}.Debug|Any CPU.Build.0 = Debug|Any CPU
		{D2307425-17F9-4955-B92F-F9F316E5E581}.Debug|x64.ActiveCfg = Debug|Any CPU
		{D2307425-17F9-4955-B92F-F9F316E5E581}.Debug|x64.Build.0 = Debug|Any CPU
		{D2307425-17F9-4955-B92F-F9F316E5E581}.Debug|x86.ActiveCfg = Debug|Any CPU
		{D2307425-17F9-4955-B92F-F9F316E5E581}.Debug|x86.Build.0 = Debug|Any CPU
		{D2307425-17F9-4955-B92F-F9F316E5E581}.Release|Any CPU.ActiveCfg = Release|Any CPU
		{D2307425-17F9-4955-B92F-F9F316E5E581}.Release|Any CPU.Build.0 = Release|Any CPU
		{D2307425-17F9-4955-B92F-F9F316E5E581}.Release|x64.ActiveCfg = Release|Any CPU
		{D2307425-17F9-4955-B92F-F9F316E5E581}.Release|x64.Build.0 = Release|Any CPU
		{D2307425-17F9-4955-B92F-F9F316E5E581}.Release|x86.ActiveCfg = Release|Any CPU
		{D2307425-17F9-4955-B92F-F9F316E5E581}.Release|x86.Build.0 = Release|Any CPU
		{811B09D5-7E47-4559-90F6-FB51A62E6ABA}.Debug|Any CPU.ActiveCfg = Debug|Any CPU
		{811B09D5-7E47-4559-90F6-FB51A62E6ABA}.Debug|Any CPU.Build.0 = Debug|Any CPU
		{811B09D5-7E47-4559-90F6-FB51A62E6ABA}.Debug|x64.ActiveCfg = Debug|Any CPU
		{811B09D5-7E47-4559-90F6-FB51A62E6ABA}.Debug|x64.Build.0 = Debug|Any CPU
		{811B09D5-7E47-4559-90F6-FB51A62E6ABA}.Debug|x86.ActiveCfg = Debug|Any CPU
		{811B09D5-7E47-4559-90F6-FB51A62E6ABA}.Debug|x86.Build.0 = Debug|Any CPU
		{811B09D5-7E47-4559-90F6-FB51A62E6ABA}.Release|Any CPU.ActiveCfg = Release|Any CPU
		{811B09D5-7E47-4559-90F6-FB51A62E6ABA}.Release|Any CPU.Build.0 = Release|Any CPU
		{811B09D5-7E47-4559-90F6-FB51A62E6ABA}.Release|x64.ActiveCfg = Release|Any CPU
		{811B09D5-7E47-4559-90F6-FB51A62E6ABA}.Release|x64.Build.0 = Release|Any CPU
		{811B09D5-7E47-4559-90F6-FB51A62E6ABA}.Release|x86.ActiveCfg = Release|Any CPU
		{811B09D5-7E47-4559-90F6-FB51A62E6ABA}.Release|x86.Build.0 = Release|Any CPU
		{FBD9C9EF-273D-4628-AE3C-4BFF52CE6166}.Debug|Any CPU.ActiveCfg = Debug|Any CPU
		{FBD9C9EF-273D-4628-AE3C-4BFF52CE6166}.Debug|Any CPU.Build.0 = Debug|Any CPU
		{FBD9C9EF-273D-4628-AE3C-4BFF52CE6166}.Debug|x64.ActiveCfg = Debug|Any CPU
		{FBD9C9EF-273D-4628-AE3C-4BFF52CE6166}.Debug|x64.Build.0 = Debug|Any CPU
		{FBD9C9EF-273D-4628-AE3C-4BFF52CE6166}.Debug|x86.ActiveCfg = Debug|Any CPU
		{FBD9C9EF-273D-4628-AE3C-4BFF52CE6166}.Debug|x86.Build.0 = Debug|Any CPU
		{FBD9C9EF-273D-4628-AE3C-4BFF52CE6166}.Release|Any CPU.ActiveCfg = Release|Any CPU
		{FBD9C9EF-273D-4628-AE3C-4BFF52CE6166}.Release|Any CPU.Build.0 = Release|Any CPU
		{FBD9C9EF-273D-4628-AE3C-4BFF52CE6166}.Release|x64.ActiveCfg = Release|Any CPU
		{FBD9C9EF-273D-4628-AE3C-4BFF52CE6166}.Release|x64.Build.0 = Release|Any CPU
		{FBD9C9EF-273D-4628-AE3C-4BFF52CE6166}.Release|x86.ActiveCfg = Release|Any CPU
		{FBD9C9EF-273D-4628-AE3C-4BFF52CE6166}.Release|x86.Build.0 = Release|Any CPU
		{2FEE7296-04FA-45A9-B59B-FABEC4FFEE3A}.Debug|Any CPU.ActiveCfg = Debug|Any CPU
		{2FEE7296-04FA-45A9-B59B-FABEC4FFEE3A}.Debug|Any CPU.Build.0 = Debug|Any CPU
		{2FEE7296-04FA-45A9-B59B-FABEC4FFEE3A}.Debug|x64.ActiveCfg = Debug|Any CPU
		{2FEE7296-04FA-45A9-B59B-FABEC4FFEE3A}.Debug|x64.Build.0 = Debug|Any CPU
		{2FEE7296-04FA-45A9-B59B-FABEC4FFEE3A}.Debug|x86.ActiveCfg = Debug|Any CPU
		{2FEE7296-04FA-45A9-B59B-FABEC4FFEE3A}.Debug|x86.Build.0 = Debug|Any CPU
		{2FEE7296-04FA-45A9-B59B-FABEC4FFEE3A}.Release|Any CPU.ActiveCfg = Release|Any CPU
		{2FEE7296-04FA-45A9-B59B-FABEC4FFEE3A}.Release|Any CPU.Build.0 = Release|Any CPU
		{2FEE7296-04FA-45A9-B59B-FABEC4FFEE3A}.Release|x64.ActiveCfg = Release|Any CPU
		{2FEE7296-04FA-45A9-B59B-FABEC4FFEE3A}.Release|x64.Build.0 = Release|Any CPU
		{2FEE7296-04FA-45A9-B59B-FABEC4FFEE3A}.Release|x86.ActiveCfg = Release|Any CPU
		{2FEE7296-04FA-45A9-B59B-FABEC4FFEE3A}.Release|x86.Build.0 = Release|Any CPU
		{45F297D6-B374-4137-845D-D70634E4E62A}.Debug|Any CPU.ActiveCfg = Debug|Any CPU
		{45F297D6-B374-4137-845D-D70634E4E62A}.Debug|Any CPU.Build.0 = Debug|Any CPU
		{45F297D6-B374-4137-845D-D70634E4E62A}.Debug|x64.ActiveCfg = Debug|Any CPU
		{45F297D6-B374-4137-845D-D70634E4E62A}.Debug|x64.Build.0 = Debug|Any CPU
		{45F297D6-B374-4137-845D-D70634E4E62A}.Debug|x86.ActiveCfg = Debug|Any CPU
		{45F297D6-B374-4137-845D-D70634E4E62A}.Debug|x86.Build.0 = Debug|Any CPU
		{45F297D6-B374-4137-845D-D70634E4E62A}.Release|Any CPU.ActiveCfg = Release|Any CPU
		{45F297D6-B374-4137-845D-D70634E4E62A}.Release|Any CPU.Build.0 = Release|Any CPU
		{45F297D6-B374-4137-845D-D70634E4E62A}.Release|x64.ActiveCfg = Release|Any CPU
		{45F297D6-B374-4137-845D-D70634E4E62A}.Release|x64.Build.0 = Release|Any CPU
		{45F297D6-B374-4137-845D-D70634E4E62A}.Release|x86.ActiveCfg = Release|Any CPU
		{45F297D6-B374-4137-845D-D70634E4E62A}.Release|x86.Build.0 = Release|Any CPU
		{F1224C34-2F39-4154-9A48-3AF12E36FCEE}.Debug|Any CPU.ActiveCfg = Debug|Any CPU
		{F1224C34-2F39-4154-9A48-3AF12E36FCEE}.Debug|Any CPU.Build.0 = Debug|Any CPU
		{F1224C34-2F39-4154-9A48-3AF12E36FCEE}.Debug|x64.ActiveCfg = Debug|Any CPU
		{F1224C34-2F39-4154-9A48-3AF12E36FCEE}.Debug|x64.Build.0 = Debug|Any CPU
		{F1224C34-2F39-4154-9A48-3AF12E36FCEE}.Debug|x86.ActiveCfg = Debug|Any CPU
		{F1224C34-2F39-4154-9A48-3AF12E36FCEE}.Debug|x86.Build.0 = Debug|Any CPU
		{F1224C34-2F39-4154-9A48-3AF12E36FCEE}.Release|Any CPU.ActiveCfg = Release|Any CPU
		{F1224C34-2F39-4154-9A48-3AF12E36FCEE}.Release|Any CPU.Build.0 = Release|Any CPU
		{F1224C34-2F39-4154-9A48-3AF12E36FCEE}.Release|x64.ActiveCfg = Release|Any CPU
		{F1224C34-2F39-4154-9A48-3AF12E36FCEE}.Release|x64.Build.0 = Release|Any CPU
		{F1224C34-2F39-4154-9A48-3AF12E36FCEE}.Release|x86.ActiveCfg = Release|Any CPU
		{F1224C34-2F39-4154-9A48-3AF12E36FCEE}.Release|x86.Build.0 = Release|Any CPU
		{D49A5E3D-14E5-4387-BF7F-1EFF37872BD0}.Debug|Any CPU.ActiveCfg = Debug|Any CPU
		{D49A5E3D-14E5-4387-BF7F-1EFF37872BD0}.Debug|Any CPU.Build.0 = Debug|Any CPU
		{D49A5E3D-14E5-4387-BF7F-1EFF37872BD0}.Debug|x64.ActiveCfg = Debug|Any CPU
		{D49A5E3D-14E5-4387-BF7F-1EFF37872BD0}.Debug|x64.Build.0 = Debug|Any CPU
		{D49A5E3D-14E5-4387-BF7F-1EFF37872BD0}.Debug|x86.ActiveCfg = Debug|Any CPU
		{D49A5E3D-14E5-4387-BF7F-1EFF37872BD0}.Debug|x86.Build.0 = Debug|Any CPU
		{D49A5E3D-14E5-4387-BF7F-1EFF37872BD0}.Release|Any CPU.ActiveCfg = Release|Any CPU
		{D49A5E3D-14E5-4387-BF7F-1EFF37872BD0}.Release|Any CPU.Build.0 = Release|Any CPU
		{D49A5E3D-14E5-4387-BF7F-1EFF37872BD0}.Release|x64.ActiveCfg = Release|Any CPU
		{D49A5E3D-14E5-4387-BF7F-1EFF37872BD0}.Release|x64.Build.0 = Release|Any CPU
		{D49A5E3D-14E5-4387-BF7F-1EFF37872BD0}.Release|x86.ActiveCfg = Release|Any CPU
		{D49A5E3D-14E5-4387-BF7F-1EFF37872BD0}.Release|x86.Build.0 = Release|Any CPU
		{699C3BFA-FC08-493B-BC23-38F97476C34C}.Debug|Any CPU.ActiveCfg = Debug|Any CPU
		{699C3BFA-FC08-493B-BC23-38F97476C34C}.Debug|Any CPU.Build.0 = Debug|Any CPU
		{699C3BFA-FC08-493B-BC23-38F97476C34C}.Debug|x64.ActiveCfg = Debug|Any CPU
		{699C3BFA-FC08-493B-BC23-38F97476C34C}.Debug|x64.Build.0 = Debug|Any CPU
		{699C3BFA-FC08-493B-BC23-38F97476C34C}.Debug|x86.ActiveCfg = Debug|Any CPU
		{699C3BFA-FC08-493B-BC23-38F97476C34C}.Debug|x86.Build.0 = Debug|Any CPU
		{699C3BFA-FC08-493B-BC23-38F97476C34C}.Release|Any CPU.ActiveCfg = Release|Any CPU
		{699C3BFA-FC08-493B-BC23-38F97476C34C}.Release|Any CPU.Build.0 = Release|Any CPU
		{699C3BFA-FC08-493B-BC23-38F97476C34C}.Release|x64.ActiveCfg = Release|Any CPU
		{699C3BFA-FC08-493B-BC23-38F97476C34C}.Release|x64.Build.0 = Release|Any CPU
		{699C3BFA-FC08-493B-BC23-38F97476C34C}.Release|x86.ActiveCfg = Release|Any CPU
		{699C3BFA-FC08-493B-BC23-38F97476C34C}.Release|x86.Build.0 = Release|Any CPU
		{084A9A58-5A7E-4441-8092-89CF528B41D4}.Debug|Any CPU.ActiveCfg = Debug|Any CPU
		{084A9A58-5A7E-4441-8092-89CF528B41D4}.Debug|Any CPU.Build.0 = Debug|Any CPU
		{084A9A58-5A7E-4441-8092-89CF528B41D4}.Debug|x64.ActiveCfg = Debug|Any CPU
		{084A9A58-5A7E-4441-8092-89CF528B41D4}.Debug|x64.Build.0 = Debug|Any CPU
		{084A9A58-5A7E-4441-8092-89CF528B41D4}.Debug|x86.ActiveCfg = Debug|Any CPU
		{084A9A58-5A7E-4441-8092-89CF528B41D4}.Debug|x86.Build.0 = Debug|Any CPU
		{084A9A58-5A7E-4441-8092-89CF528B41D4}.Release|Any CPU.ActiveCfg = Release|Any CPU
		{084A9A58-5A7E-4441-8092-89CF528B41D4}.Release|Any CPU.Build.0 = Release|Any CPU
		{084A9A58-5A7E-4441-8092-89CF528B41D4}.Release|x64.ActiveCfg = Release|Any CPU
		{084A9A58-5A7E-4441-8092-89CF528B41D4}.Release|x64.Build.0 = Release|Any CPU
		{084A9A58-5A7E-4441-8092-89CF528B41D4}.Release|x86.ActiveCfg = Release|Any CPU
		{084A9A58-5A7E-4441-8092-89CF528B41D4}.Release|x86.Build.0 = Release|Any CPU
		{51750E3E-A8EC-455B-9FA7-563A655A1057}.Debug|Any CPU.ActiveCfg = Debug|Any CPU
		{51750E3E-A8EC-455B-9FA7-563A655A1057}.Debug|Any CPU.Build.0 = Debug|Any CPU
		{51750E3E-A8EC-455B-9FA7-563A655A1057}.Debug|x64.ActiveCfg = Debug|Any CPU
		{51750E3E-A8EC-455B-9FA7-563A655A1057}.Debug|x64.Build.0 = Debug|Any CPU
		{51750E3E-A8EC-455B-9FA7-563A655A1057}.Debug|x86.ActiveCfg = Debug|Any CPU
		{51750E3E-A8EC-455B-9FA7-563A655A1057}.Debug|x86.Build.0 = Debug|Any CPU
		{51750E3E-A8EC-455B-9FA7-563A655A1057}.Release|Any CPU.ActiveCfg = Release|Any CPU
		{51750E3E-A8EC-455B-9FA7-563A655A1057}.Release|Any CPU.Build.0 = Release|Any CPU
		{51750E3E-A8EC-455B-9FA7-563A655A1057}.Release|x64.ActiveCfg = Release|Any CPU
		{51750E3E-A8EC-455B-9FA7-563A655A1057}.Release|x64.Build.0 = Release|Any CPU
		{51750E3E-A8EC-455B-9FA7-563A655A1057}.Release|x86.ActiveCfg = Release|Any CPU
		{51750E3E-A8EC-455B-9FA7-563A655A1057}.Release|x86.Build.0 = Release|Any CPU
		{47D39DC2-3D25-4E74-A992-2E5D07634CD0}.Debug|Any CPU.ActiveCfg = Debug|Any CPU
		{47D39DC2-3D25-4E74-A992-2E5D07634CD0}.Debug|Any CPU.Build.0 = Debug|Any CPU
		{47D39DC2-3D25-4E74-A992-2E5D07634CD0}.Debug|x64.ActiveCfg = Debug|Any CPU
		{47D39DC2-3D25-4E74-A992-2E5D07634CD0}.Debug|x64.Build.0 = Debug|Any CPU
		{47D39DC2-3D25-4E74-A992-2E5D07634CD0}.Debug|x86.ActiveCfg = Debug|Any CPU
		{47D39DC2-3D25-4E74-A992-2E5D07634CD0}.Debug|x86.Build.0 = Debug|Any CPU
		{47D39DC2-3D25-4E74-A992-2E5D07634CD0}.Release|Any CPU.ActiveCfg = Release|Any CPU
		{47D39DC2-3D25-4E74-A992-2E5D07634CD0}.Release|Any CPU.Build.0 = Release|Any CPU
		{47D39DC2-3D25-4E74-A992-2E5D07634CD0}.Release|x64.ActiveCfg = Release|Any CPU
		{47D39DC2-3D25-4E74-A992-2E5D07634CD0}.Release|x64.Build.0 = Release|Any CPU
		{47D39DC2-3D25-4E74-A992-2E5D07634CD0}.Release|x86.ActiveCfg = Release|Any CPU
		{47D39DC2-3D25-4E74-A992-2E5D07634CD0}.Release|x86.Build.0 = Release|Any CPU
		{F2D950DF-889E-4343-8669-5B15BCAE4B86}.Debug|Any CPU.ActiveCfg = Debug|Any CPU
		{F2D950DF-889E-4343-8669-5B15BCAE4B86}.Debug|Any CPU.Build.0 = Debug|Any CPU
		{F2D950DF-889E-4343-8669-5B15BCAE4B86}.Debug|x64.ActiveCfg = Debug|Any CPU
		{F2D950DF-889E-4343-8669-5B15BCAE4B86}.Debug|x64.Build.0 = Debug|Any CPU
		{F2D950DF-889E-4343-8669-5B15BCAE4B86}.Debug|x86.ActiveCfg = Debug|Any CPU
		{F2D950DF-889E-4343-8669-5B15BCAE4B86}.Debug|x86.Build.0 = Debug|Any CPU
		{F2D950DF-889E-4343-8669-5B15BCAE4B86}.Release|Any CPU.ActiveCfg = Release|Any CPU
		{F2D950DF-889E-4343-8669-5B15BCAE4B86}.Release|Any CPU.Build.0 = Release|Any CPU
		{F2D950DF-889E-4343-8669-5B15BCAE4B86}.Release|x64.ActiveCfg = Release|Any CPU
		{F2D950DF-889E-4343-8669-5B15BCAE4B86}.Release|x64.Build.0 = Release|Any CPU
		{F2D950DF-889E-4343-8669-5B15BCAE4B86}.Release|x86.ActiveCfg = Release|Any CPU
		{F2D950DF-889E-4343-8669-5B15BCAE4B86}.Release|x86.Build.0 = Release|Any CPU
	EndGlobalSection
	GlobalSection(SolutionProperties) = preSolution
		HideSolutionNode = FALSE
	EndGlobalSection
	GlobalSection(NestedProjects) = preSolution
		{13F29494-4D21-EC5C-144B-DF9E14400111} = {30CF9474-3F16-412B-A892-9755FFD972F5}
		{25F956B9-D8D1-4978-96CA-7A87BCDC0919} = {13F29494-4D21-EC5C-144B-DF9E14400111}
		{A89F04FF-AADD-2215-F817-E11CF818689C} = {30CF9474-3F16-412B-A892-9755FFD972F5}
		{877B2AD8-D6F9-4C84-802D-50B9AE682AAA} = {A89F04FF-AADD-2215-F817-E11CF818689C}
		{FC047DDE-4B47-46E4-97C9-20A0C97E4CF0} = {A89F04FF-AADD-2215-F817-E11CF818689C}
		{B86FE1FA-0B5F-4FEC-8746-CF905DA8F11D} = {A89F04FF-AADD-2215-F817-E11CF818689C}
		{0E28121C-8E9B-4342-AA0C-512D01BC17F6} = {A89F04FF-AADD-2215-F817-E11CF818689C}
		{13C1EC26-D144-C8F3-0987-E01C52CECA7F} = {30CF9474-3F16-412B-A892-9755FFD972F5}
		{87267346-0892-4C8F-BA77-9D6BEA25560F} = {13C1EC26-D144-C8F3-0987-E01C52CECA7F}
		{57E0ED40-1221-4E6A-BAD8-452296A8EB19} = {13C1EC26-D144-C8F3-0987-E01C52CECA7F}
		{0211DB90-83CB-4154-8FF6-15747E9A633C} = {13C1EC26-D144-C8F3-0987-E01C52CECA7F}
		{A01DF719-5EE0-4194-A2E5-28AEDD3ED6B9} = {13C1EC26-D144-C8F3-0987-E01C52CECA7F}
		{DF206DC2-A769-BCB9-EC2E-5EDD7A0BF42A} = {30CF9474-3F16-412B-A892-9755FFD972F5}
		{8CBCD94D-A2DC-42DC-9B31-943587C945EA} = {DF206DC2-A769-BCB9-EC2E-5EDD7A0BF42A}
		{D2307425-17F9-4955-B92F-F9F316E5E581} = {DF206DC2-A769-BCB9-EC2E-5EDD7A0BF42A}
		{811B09D5-7E47-4559-90F6-FB51A62E6ABA} = {0AB3BF05-4346-4AA6-1389-037BE0695223}
		{FBD9C9EF-273D-4628-AE3C-4BFF52CE6166} = {0AB3BF05-4346-4AA6-1389-037BE0695223}
		{2FEE7296-04FA-45A9-B59B-FABEC4FFEE3A} = {DF206DC2-A769-BCB9-EC2E-5EDD7A0BF42A}
		{45F297D6-B374-4137-845D-D70634E4E62A} = {0AB3BF05-4346-4AA6-1389-037BE0695223}
		{F1224C34-2F39-4154-9A48-3AF12E36FCEE} = {DF206DC2-A769-BCB9-EC2E-5EDD7A0BF42A}
		{8AB32F4A-A984-1F43-73B5-CC031764BB60} = {30CF9474-3F16-412B-A892-9755FFD972F5}
		{D49A5E3D-14E5-4387-BF7F-1EFF37872BD0} = {8AB32F4A-A984-1F43-73B5-CC031764BB60}
		{699C3BFA-FC08-493B-BC23-38F97476C34C} = {8AB32F4A-A984-1F43-73B5-CC031764BB60}
		{084A9A58-5A7E-4441-8092-89CF528B41D4} = {8AB32F4A-A984-1F43-73B5-CC031764BB60}
		{51750E3E-A8EC-455B-9FA7-563A655A1057} = {8AB32F4A-A984-1F43-73B5-CC031764BB60}
		{47D39DC2-3D25-4E74-A992-2E5D07634CD0} = {0AB3BF05-4346-4AA6-1389-037BE0695223}
		{F2D950DF-889E-4343-8669-5B15BCAE4B86} = {DF206DC2-A769-BCB9-EC2E-5EDD7A0BF42A}
	EndGlobalSection
	GlobalSection(ExtensibilityGlobals) = postSolution
		SolutionGuid = {2CD61102-F80F-47BD-A480-BB7A55EB4419}
	EndGlobalSection
EndGlobal
