warning: in the working copy of 'src/Gateway/LogisticsHub.Gateway/LogisticsHub.Gateway.csproj', LF will be replaced by CRLF the next time Git touches it
warning: in the working copy of 'src/Gateway/LogisticsHub.Gateway/Program.cs', LF will be replaced by CRLF the next time Git touches it
warning: in the working copy of 'src/InventoryService/LogisticsHub.InventoryService/LogisticsHub.InventoryService.csproj', LF will be replaced by CRLF the next time Git touches it
warning: in the working copy of 'src/InventoryService/LogisticsHub.InventoryService/Program.cs', LF will be replaced by CRLF the next time Git touches it
warning: in the working copy of 'src/ShipmentService/LogisticsHub.ShipmentService/LogisticsHub.ShipmentService.csproj', LF will be replaced by CRLF the next time Git touches it
warning: in the working copy of 'src/ShipmentService/LogisticsHub.ShipmentService/Program.cs', LF will be replaced by CRLF the next time Git touches it
[1mdiff --git a/src/Gateway/LogisticsHub.Gateway/LogisticsHub.Gateway.csproj b/src/Gateway/LogisticsHub.Gateway/LogisticsHub.Gateway.csproj[m
[1mindex 0ac61b8..8d3a522 100644[m
[1m--- a/src/Gateway/LogisticsHub.Gateway/LogisticsHub.Gateway.csproj[m
[1m+++ b/src/Gateway/LogisticsHub.Gateway/LogisticsHub.Gateway.csproj[m
[36m@@ -5,6 +5,8 @@[m
     <Nullable>enable</Nullable>[m
   </PropertyGroup>[m
   <ItemGroup>[m
[32m+[m[32m    <PackageReference Include="Microsoft.AspNetCore.OpenApi" Version="10.0.8" />[m
[32m+[m[32m    <PackageReference Include="Swashbuckle.AspNetCore.SwaggerUI" Version="10.1.7" />[m
     <PackageReference Include="Yarp.ReverseProxy" Version="2.3.0" />[m
   </ItemGroup>[m
 </Project>[m
[1mdiff --git a/src/Gateway/LogisticsHub.Gateway/Program.cs b/src/Gateway/LogisticsHub.Gateway/Program.cs[m
[1mindex 99e9c26..f6c25c8 100644[m
[1m--- a/src/Gateway/LogisticsHub.Gateway/Program.cs[m
[1m+++ b/src/Gateway/LogisticsHub.Gateway/Program.cs[m
[36m@@ -15,10 +15,21 @@[m [mbuilder.Services[m
     .LoadFromConfig(reverseProxySection);[m
 [m
 builder.Services.AddHealthChecks();[m
[32m+[m[32mbuilder.Services.AddOpenApi();[m
 [m
 var app = builder.Build();[m
 [m
[32m+[m[32mif (app.Environment.IsDevelopment())[m
[32m+[m[32m{[m
[32m+[m[32m    app.MapOpenApi();[m
[32m+[m
[32m+[m[32m    app.UseSwaggerUI(options =>[m
[32m+[m[32m    {[m
[32m+[m[32m        options.SwaggerEndpoint("/openapi/v1.json", "LogisticsHub Gateway API v1");[m
[32m+[m[32m    });[m
[32m+[m[32m}[m
[32m+[m
 app.MapHealthChecks(HealthEndpointPath);[m
 app.MapReverseProxy();[m
 [m
[31m-app.Run();[m
\ No newline at end of file[m
[32m+[m[32mapp.Run();[m
[1mdiff --git a/src/InventoryService/LogisticsHub.InventoryService/LogisticsHub.InventoryService.csproj b/src/InventoryService/LogisticsHub.InventoryService/LogisticsHub.InventoryService.csproj[m
[1mindex a54b046..641ebbc 100644[m
[1m--- a/src/InventoryService/LogisticsHub.InventoryService/LogisticsHub.InventoryService.csproj[m
[1m+++ b/src/InventoryService/LogisticsHub.InventoryService/LogisticsHub.InventoryService.csproj[m
[36m@@ -4,6 +4,10 @@[m
     <ImplicitUsings>enable</ImplicitUsings>[m
     <Nullable>enable</Nullable>[m
   </PropertyGroup>[m
[32m+[m[32m  <ItemGroup>[m
[32m+[m[32m    <PackageReference Include="Microsoft.AspNetCore.OpenApi" Version="10.0.8" />[m
[32m+[m[32m    <PackageReference Include="Swashbuckle.AspNetCore.SwaggerUI" Version="10.1.7" />[m
[32m+[m[32m  </ItemGroup>[m
   <ItemGroup>[m
     <ProjectReference Include="..\LogisticsHub.InventoryService.Application\LogisticsHub.InventoryService.Application.csproj" />[m
     <ProjectReference Include="..\LogisticsHub.InventoryService.Infrastructure\LogisticsHub.InventoryService.Infrastructure.csproj" />[m
[1mdiff --git a/src/InventoryService/LogisticsHub.InventoryService/Program.cs b/src/InventoryService/LogisticsHub.InventoryService/Program.cs[m
[1mindex 7fc7920..9387021 100644[m
[1m--- a/src/InventoryService/LogisticsHub.InventoryService/Program.cs[m
[1m+++ b/src/InventoryService/LogisticsHub.InventoryService/Program.cs[m
[36m@@ -6,9 +6,20 @@[m [mvar builder = WebApplication.CreateBuilder(args);[m
 [m
 builder.Services.AddDbInfrastructure(builder.Configuration);[m
 builder.Services.AddHealthChecks();[m
[32m+[m[32mbuilder.Services.AddOpenApi();[m
 [m
 var app = builder.Build();[m
 [m
[32m+[m[32mif (app.Environment.IsDevelopment())[m
[32m+[m[32m{[m
[32m+[m[32m    app.MapOpenApi();[m
[32m+[m
[32m+[m[32m    app.UseSwaggerUI(options =>[m
[32m+[m[32m    {[m
[32m+[m[32m        options.SwaggerEndpoint("/openapi/v1.json", "LogisticsHub Inventory API v1");[m
[32m+[m[32m    });[m
[32m+[m[32m}[m
[32m+[m
 app.MapHealthChecks(HealthEndpointPath);[m
 [m
[31m-app.Run();[m
\ No newline at end of file[m
[32m+[m[32mapp.Run();[m
[1mdiff --git a/src/ShipmentService/LogisticsHub.ShipmentService/LogisticsHub.ShipmentService.csproj b/src/ShipmentService/LogisticsHub.ShipmentService/LogisticsHub.ShipmentService.csproj[m
[1mindex a2f7941..e5b67c4 100644[m
[1m--- a/src/ShipmentService/LogisticsHub.ShipmentService/LogisticsHub.ShipmentService.csproj[m
[1m+++ b/src/ShipmentService/LogisticsHub.ShipmentService/LogisticsHub.ShipmentService.csproj[m
[36m@@ -4,6 +4,10 @@[m
     <ImplicitUsings>enable</ImplicitUsings>[m
     <Nullable>enable</Nullable>[m
   </PropertyGroup>[m
[32m+[m[32m  <ItemGroup>[m
[32m+[m[32m    <PackageReference Include="Microsoft.AspNetCore.OpenApi" Version="10.0.8" />[m
[32m+[m[32m    <PackageReference Include="Swashbuckle.AspNetCore.SwaggerUI" Version="10.1.7" />[m
[32m+[m[32m  </ItemGroup>[m
   <ItemGroup>[m
     <ProjectReference Include="..\LogisticsHub.ShipmentService.Application\LogisticsHub.ShipmentService.Application.csproj" />[m
     <ProjectReference Include="..\LogisticsHub.ShipmentService.Infrastructure\LogisticsHub.ShipmentService.Infrastructure.csproj" />[m
[1mdiff --git a/src/ShipmentService/LogisticsHub.ShipmentService/Program.cs b/src/ShipmentService/LogisticsHub.ShipmentService/Program.cs[m
[1mindex 835de8f..8068443 100644[m
[1m--- a/src/ShipmentService/LogisticsHub.ShipmentService/Program.cs[m
[1m+++ b/src/ShipmentService/LogisticsHub.ShipmentService/Program.cs[m
[36m@@ -7,6 +7,7 @@[m [mconst string HealthEndpointPath = "/health";[m
 var builder = WebApplication.CreateBuilder(args);[m
 [m
 builder.Services.AddHealthChecks();[m
[32m+[m[32mbuilder.Services.AddOpenApi();[m
 [m
 builder.Services[m
     .AddControllers()[m
[36m@@ -24,6 +25,16 @@[m [mbuilder.Services.AddScoped<GetShipment>();[m
 [m
 var app = builder.Build();[m
 [m
[32m+[m[32mif (app.Environment.IsDevelopment())[m
[32m+[m[32m{[m
[32m+[m[32m    app.MapOpenApi();[m
[32m+[m
[32m+[m[32m    app.UseSwaggerUI(options =>[m
[32m+[m[32m    {[m
[32m+[m[32m        options.SwaggerEndpoint("/openapi/v1.json", "LogisticsHub Shipment API v1");[m
[32m+[m[32m    });[m
[32m+[m[32m}[m
[32m+[m
 app.MapHealthChecks(HealthEndpointPath);[m
 app.MapControllers();[m
 [m
